
Microsoft Visual Studio Solution File, Format Version 12.00
# Visual Studio Version 17
VisualStudioVersion = 17.5.002.0
MinimumVisualStudioVersion = 10.0.40219.1
Project("{9A19103F-16F7-4668-BE54-9A1E7A4F7556}") = "WebProjectV2.0", "WebProjectV2.0.csproj", "{52F820D2-B77F-4F3A-9647-2B1707EE322A}"
EndProject
Global
	GlobalSection(SolutionConfigurationPlatforms) = preSolution
		Debug|Any CPU = Debug|Any CPU
		Release|Any CPU = Release|Any CPU
	EndGlobalSection
	GlobalSection(ProjectConfigurationPlatforms) = postSolution
		{52F820D2-B77F-4F3A-9647-2B1707EE322A}.Debug|Any CPU.ActiveCfg = Debug|Any CPU
		{52F820D2-B77F-4F3A-9647-2B1707EE322A}.Debug|Any CPU.Build.0 = Debug|Any CPU
		{52F820D2-B77F-4F3A-9647-2B1707EE322A}.Release|Any CPU.ActiveCfg = Release|Any CPU
		{52F820D2-B77F-4F3A-9647-2B1707EE322A}.Release|Any CPU.Build.0 = Release|Any CPU
	EndGlobalSection
	GlobalSection(SolutionProperties) = preSolution
		HideSolutionNode = FALSE
	EndGlobalSection
	GlobalSection(ExtensibilityGlobals) = postSolution
		SolutionGuid = {1C056BFB-787E-463D-8589-14840AC5BB9F}
	EndGlobalSection
EndGlobal
